# This file is automatically @generated by Cargo.
# It is not intended for manual editing.
version = 4

[[package]]
name = "tartine-core"
version = "0.1.0"
dependencies = [
 "tartine-kcore",
 "tartine-proto",
]

[[package]]
name = "tartine-fuse"
version = "0.1.0"
dependencies = [
 "tartine-core",
 "tartine-kcore",
 "tartine-meta",
 "tartine-proto",
]

[[package]]
name = "tartine-kcore"
version = "0.1.0"

[[package]]
name = "tartine-meta"
version = "0.1.0"
dependencies = [
 "tartine-core",
 "tartine-proto",
]

[[package]]
name = "tartine-proto"
version = "0.1.0"

[[package]]
name = "tartinectl"
version = "0.1.0"
dependencies = [
 "tartine-proto",
]

[[package]]
name = "tartined"
version = "0.1.0"
dependencies = [
 "tartine-core",
 "tartine-fuse",
 "tartine-meta",
 "tartine-proto",
]
